
Microsoft Visual Studio Solution File, Format Version 12.00
# Visual Studio Version 17
VisualStudioVersion = 17.4.33205.214
MinimumVisualStudioVersion = 10.0.40219.1
Project("{8BC9CEB8-8B4A-11D0-8D11-00A0C91BC942}") = "隐写术", "隐写术\隐写术.vcxproj", "{7DF21E67-B988-457F-8356-7B1CDDB1DEAF}"
EndProject
Global
	GlobalSection(SolutionConfigurationPlatforms) = preSolution
		Debug|x64 = Debug|x64
		Debug|x86 = Debug|x86
		Release|x64 = Release|x64
		Release|x86 = Release|x86
	EndGlobalSection
	GlobalSection(ProjectConfigurationPlatforms) = postSolution
		{7DF21E67-B988-457F-8356-7B1CDDB1DEAF}.Debug|x64.ActiveCfg = Debug|x64
		{7DF21E67-B988-457F-8356-7B1CDDB1DEAF}.Debug|x64.Build.0 = Debug|x64
		{7DF21E67-B988-457F-8356-7B1CDDB1DEAF}.Debug|x86.ActiveCfg = Debug|Win32
		{7DF21E67-B988-457F-8356-7B1CDDB1DEAF}.Debug|x86.Build.0 = Debug|Win32
		{7DF21E67-B988-457F-8356-7B1CDDB1DEAF}.Release|x64.ActiveCfg = Release|x64
		{7DF21E67-B988-457F-8356-7B1CDDB1DEAF}.Release|x64.Build.0 = Release|x64
		{7DF21E67-B988-457F-8356-7B1CDDB1DEAF}.Release|x86.ActiveCfg = Release|Win32
		{7DF21E67-B988-457F-8356-7B1CDDB1DEAF}.Release|x86.Build.0 = Release|Win32
	EndGlobalSection
	GlobalSection(SolutionProperties) = preSolution
		HideSolutionNode = FALSE
	EndGlobalSection
	GlobalSection(ExtensibilityGlobals) = postSolution
		SolutionGuid = {312B9890-4F8D-45A5-A5D6-317B9507550D}
	EndGlobalSection
EndGlobal
